schema: '2.0'
stages:
  featurize:
    cmd: python -m src.feature_engineering.feature_engineering
    deps:
    - path: configs/pipeline_global_config.yaml
      hash: md5
      md5: 87f07c7b750a630c249dc9a3802ab022
      size: 1810
    - path: data/raw/Customer-Churn-Records.csv
      hash: md5
      md5: e37acb179fefe4cac8a33e280a12f62c
      size: 837415
    - path: src/common/config_loader.py
      hash: md5
      md5: e65fb1b3fc63d25937342086e592864e
      size: 8283
    - path: src/common/data_loader.py
      hash: md5
      md5: b5491e0d88e5b8f314f07ebf9ee8c519
      size: 612
    - path: src/common/logger.py
      hash: md5
      md5: e114d4c5ef4ea22a4ba9837cb00aae28
      size: 1991
    - path: src/common/seed.py
      hash: md5
      md5: e3863cbaf4b2627fabdafd56456a880f
      size: 178
    - path: src/feature_engineering/feature_engineering.py
      hash: md5
      md5: d42d2c97eaebbb6cbdc00d0d3486a252
      size: 18355
    - path: src/feature_engineering/schema_validation.py
      hash: md5
      md5: abe6334b5e0cad8b32e3f259304f5023
      size: 4188
    outs:
    - path: artifacts/models/feature_pipeline.joblib
      hash: md5
      md5: 1031bbd4e8d4df4abc6f5cb82e969cd0
      size: 5541
    - path: data/interim/cleaned.parquet
      hash: md5
      md5: 6ca8c33d4d89b12f65d1ba2311f4cdeb
      size: 198614
    - path: data/processed/feature_columns.json
      hash: md5
      md5: dc1ef6465a238c6e3e675733800d0f57
      size: 249
    - path: data/processed/schema_report.json
      hash: md5
      md5: f27ef79372feb7f7a6f4099b1f4268bd
      size: 85
    - path: data/processed/test.parquet
      hash: md5
      md5: 7f1a2bbcf281161a66843145231c3c24
      size: 93065
    - path: data/processed/train.parquet
      hash: md5
      md5: 1a15939f1d7c262d568cad4be64f1380
      size: 322297
  train:
    cmd: python -m src.model_lifecycle.train
    deps:
    - path: configs/model_lifecycle/current.json
      hash: md5
      md5: ae8317bc7ac8eea93c0b1328eecce556
      size: 815
    - path: configs/pipeline_global_config.yaml
      hash: md5
      md5: 87f07c7b750a630c249dc9a3802ab022
      size: 1810
    - path: data/processed/test.parquet
      hash: md5
      md5: 7f1a2bbcf281161a66843145231c3c24
      size: 93065
    - path: data/processed/train.parquet
      hash: md5
      md5: 1a15939f1d7c262d568cad4be64f1380
      size: 322297
    - path: src/common/config_loader.py
      hash: md5
      md5: e65fb1b3fc63d25937342086e592864e
      size: 8283
    - path: src/common/logger.py
      hash: md5
      md5: e114d4c5ef4ea22a4ba9837cb00aae28
      size: 1991
    - path: src/common/seed.py
      hash: md5
      md5: e3863cbaf4b2627fabdafd56456a880f
      size: 178
    - path: src/model_lifecycle/catalog.py
      hash: md5
      md5: 0741e27976f18dda9ce6b235eb669231
      size: 1378
    - path: src/model_lifecycle/train.py
      hash: md5
      md5: 2fea5f605efb4a076eed2344f360574f
      size: 15946
    outs:
    - path: artifacts/models/current.pkl
      hash: md5
      md5: 90591a8d150dd6de065445d791767d1f
      size: 15298713
    - path: artifacts/models/current_metadata.json
      hash: md5
      md5: 20e0e16d9a786b6710196b3fd54f9fa7
      size: 797
  export_feature_store:
    cmd: python -m src.feast_ops.export
    deps:
    - path: artifacts/models/feature_pipeline.joblib
      hash: md5
      md5: 1031bbd4e8d4df4abc6f5cb82e969cd0
      size: 5541
    - path: configs/pipeline_global_config.yaml
      hash: md5
      md5: 9e0c979f01167e1422aaf97e5c2021a5
      size: 1766
    - path: data/raw/Customer-Churn-Records.csv
      hash: md5
      md5: e37acb179fefe4cac8a33e280a12f62c
      size: 837415
    - path: src/common/config_loader.py
      hash: md5
      md5: 195a2fd75c63acd46dddfc6a4c4bd263
      size: 8278
    - path: src/common/data_loader.py
      hash: md5
      md5: b5491e0d88e5b8f314f07ebf9ee8c519
      size: 612
    - path: src/common/logger.py
      hash: md5
      md5: e114d4c5ef4ea22a4ba9837cb00aae28
      size: 1991
    - path: src/feast_ops/config.py
      hash: md5
      md5: c497e40a4b99502f5abdb537cf0e71fb
      size: 1135
    - path: src/feast_ops/export.py
      hash: md5
      md5: 39381769f808c14c81c87f071100f441
      size: 4337
    - path: src/feature_engineering/feature_engineering.py
      hash: md5
      md5: d42d2c97eaebbb6cbdc00d0d3486a252
      size: 18355
    - path: src/serving/pipeline.py
      hash: md5
      md5: d4d1a3ba57b7123ed18e994965c9b789
      size: 10425
    outs:
    - path: data/feature_store/customer_features.parquet
      hash: md5
      md5: 026520cbdf50c8ea432a4f126c1d17df
      size: 640953
    - path: data/feature_store/export_metadata.json
      hash: md5
      md5: f5dbf5155ae1420f36a7ed8707964f40
      size: 415
  create_fs_offline:
    cmd: python -m src.feast_ops.export
    deps:
    - path: artifacts/models/feature_pipeline.joblib
      hash: md5
      md5: 1031bbd4e8d4df4abc6f5cb82e969cd0
      size: 5541
    - path: configs/pipeline_global_config.yaml
      hash: md5
      md5: 87f07c7b750a630c249dc9a3802ab022
      size: 1810
    - path: data/raw/Customer-Churn-Records.csv
      hash: md5
      md5: e37acb179fefe4cac8a33e280a12f62c
      size: 837415
    - path: src/common/config_loader.py
      hash: md5
      md5: e65fb1b3fc63d25937342086e592864e
      size: 8283
    - path: src/common/data_loader.py
      hash: md5
      md5: b5491e0d88e5b8f314f07ebf9ee8c519
      size: 612
    - path: src/common/logger.py
      hash: md5
      md5: e114d4c5ef4ea22a4ba9837cb00aae28
      size: 1991
    - path: src/feast_ops/config.py
      hash: md5
      md5: c497e40a4b99502f5abdb537cf0e71fb
      size: 1135
    - path: src/feast_ops/export.py
      hash: md5
      md5: 39381769f808c14c81c87f071100f441
      size: 4337
    - path: src/feature_engineering/feature_engineering.py
      hash: md5
      md5: d42d2c97eaebbb6cbdc00d0d3486a252
      size: 18355
    - path: src/serving/pipeline.py
      hash: md5
      md5: d4d1a3ba57b7123ed18e994965c9b789
      size: 10425
    outs:
    - path: data/feature_store/customer_features.parquet
      hash: md5
      md5: 026520cbdf50c8ea432a4f126c1d17df
      size: 640953
    - path: data/feature_store/export_metadata.json
      hash: md5
      md5: 67a5a3abd2bf8ff2cecf1757fcac8040
      size: 415
  materialize_fs_online:
    cmd: "sh -c ' until docker exec tc-fiap-redis redis-cli ping | grep -q PONG; do
      echo \"Aguardando Redis...\"; sleep 1; done; FEAST_REDIS_CONNECTION_STRING=localhost:6379
      feast -c feature_store apply; FEAST_REDIS_CONNECTION_STRING=localhost:6379 feast
      -c feature_store materialize-incremental $(date -u +\"%Y-%m-%dT%H:%M:%S\") '\n"
    deps:
    - path: data/feature_store/customer_features.parquet
      hash: md5
      md5: 026520cbdf50c8ea432a4f126c1d17df
      size: 640953
    - path: data/feature_store/export_metadata.json
      hash: md5
      md5: 67a5a3abd2bf8ff2cecf1757fcac8040
      size: 415
    - path: feature_store
      hash: md5
      md5: fa3f71c8b5b88fa1b939efb83d8fc52a.dir
      size: 7321
      nfiles: 4
  build_rag_cache:
    cmd: python -m src.agent.rag_pipeline --force-rebuild
    deps:
    - path: README.md
      hash: md5
      md5: 906d5db76016c3556055752c1236e681
      size: 35098
    - path: artifacts/models/current_metadata.json
      hash: md5
      md5: 20e0e16d9a786b6710196b3fd54f9fa7
      size: 797
    - path: configs
      hash: md5
      md5: bf99d942c6f5db1f8ba5664118b72772.dir
      size: 42643
      nfiles: 16
    - path: docs
      hash: md5
      md5: 2712be5ee804be496281bbed1e56b3ab.dir
      size: 793055
      nfiles: 18
    - path: src/agent
      hash: md5
      md5: 7f5f71d936116786b4c57ca4743dc377.dir
      size: 158922
      nfiles: 22
    outs:
    - path: artifacts/rag
      hash: md5
      md5: 9bdad46cf5c8b4662498c23e1c38decf.dir
      size: 504722588
      nfiles: 16
  run_mlflow_experiments:
    cmd: sh -c ' python -m src.model_lifecycle.train && python -m 
      src.model_lifecycle.train --config 
      configs/model_lifecycle/experiments/rf_v1.json && python -m 
      src.model_lifecycle.train --config 
      configs/model_lifecycle/experiments/rf_v2_precision.json && python -m 
      src.model_lifecycle.train --config 
      configs/model_lifecycle/experiments/rf_v3_recall.json && python -m 
      src.model_lifecycle.train --config 
      configs/model_lifecycle/experiments/xgboost_v1.yaml && python -m 
      src.model_lifecycle.train --config 
      configs/model_lifecycle/experiments/gradient_boosting_v1.yaml && python -m
      src.scenario_experiments.inference_cases --suite-file 
      configs/scenario_experiments/inference_cases.yaml '
    deps:
    - path: artifacts/models/current.pkl
      hash: md5
      md5: 90591a8d150dd6de065445d791767d1f
      size: 15298713
    - path: configs/model_lifecycle
      hash: md5
      md5: 1445f6b6edf3d0ff032df1d34c461b35.dir
      size: 5934
      nfiles: 7
    - path: configs/scenario_experiments
      hash: md5
      md5: 2f5a2a51b45291aced195b753b6a0da9.dir
      size: 924
      nfiles: 1
    - path: data/processed/test.parquet
      hash: md5
      md5: 7f1a2bbcf281161a66843145231c3c24
      size: 93065
    - path: data/processed/train.parquet
      hash: md5
      md5: 1a15939f1d7c262d568cad4be64f1380
      size: 322297
    - path: src/model_lifecycle
      hash: md5
      md5: 6dfa277dec73d0c54f44953b5f6213fa.dir
      size: 75218
      nfiles: 10
    - path: src/scenario_experiments
      hash: md5
      md5: 4212b89437b532ede6e0c2ca987a903c.dir
      size: 23092
      nfiles: 4
  generate_synthetic_drift:
    cmd: python -m src.evaluation.model.drift.synthetic_drifts --all
    deps:
    - path: artifacts/models/current.pkl
      hash: md5
      md5: 90591a8d150dd6de065445d791767d1f
      size: 15298713
    - path: artifacts/rag
      hash: md5
      md5: 9bdad46cf5c8b4662498c23e1c38decf.dir
      size: 504722588
      nfiles: 16
    - path: data/processed/test.parquet
      hash: md5
      md5: 7f1a2bbcf281161a66843145231c3c24
      size: 93065
    - path: src/evaluation/model/drift
      hash: md5
      md5: 5de25d27a01f435f13b210aee922c04f.dir
      size: 135781
      nfiles: 8
    outs:
    - path: artifacts/evaluation/model/scenario_experiments/drift
      hash: md5
      md5: 1bea155c20d884aa3aa15fdf7ee2eaae.dir
      size: 22259047
      nfiles: 15
