schema: '2.0'
stages:
  featurize:
    cmd: python -m src.features.feature_engineering
    deps:
    - path: configs/pipeline_config.yaml
      hash: md5
      md5: 6a3f3b02c5db8cccd41f922293fecd4a
      size: 762
    - path: data/raw/Customer-Churn-Records.csv
      hash: md5
      md5: e37acb179fefe4cac8a33e280a12f62c
      size: 837415
    - path: src/common/config_loader.py
      hash: md5
      md5: cc139f521aecb35f726f604658312867
      size: 290
    - path: src/common/data_loader.py
      hash: md5
      md5: 8884b5275145a7853274e6a53a7bf1a0
      size: 718
    - path: src/common/logger.py
      hash: md5
      md5: ed0345d8d4a981440409ab02e7359bec
      size: 510
    - path: src/common/seed.py
      hash: md5
      md5: e3863cbaf4b2627fabdafd56456a880f
      size: 178
    - path: src/features/feature_engineering.py
      hash: md5
      md5: 3be3c4e5f62e2b9417ca5c5c911016fc
      size: 4643
    - path: src/features/schema_validation.py
      hash: md5
      md5: d5193717f361f04a32042fe6d6f97b59
      size: 1411
    outs:
    - path: data/processed/feature_columns.json
      hash: md5
      md5: ebda6b03ac745a580c045aa715784ae3
      size: 249
    - path: data/processed/schema_report.json
      hash: md5
      md5: f99c0e9be35e50f83a5d9f32ba41d128
      size: 27
    - path: data/processed/test.parquet
      hash: md5
      md5: 0781c128020c019b0d6970ea6969067a
      size: 93094
    - path: data/processed/train.parquet
      hash: md5
      md5: 7ce2542ca4f600cc0614305252fa2eb6
      size: 322321
  train:
    cmd: python -m src.models.train
    deps:
    - path: configs/pipeline_config.yaml
      hash: md5
      md5: 6a3f3b02c5db8cccd41f922293fecd4a
      size: 762
    - path: data/processed/test.parquet
      hash: md5
      md5: 0781c128020c019b0d6970ea6969067a
      size: 93094
    - path: data/processed/train.parquet
      hash: md5
      md5: 7ce2542ca4f600cc0614305252fa2eb6
      size: 322321
    - path: src/common/config_loader.py
      hash: md5
      md5: cc139f521aecb35f726f604658312867
      size: 290
    - path: src/common/logger.py
      hash: md5
      md5: ed0345d8d4a981440409ab02e7359bec
      size: 510
    - path: src/common/seed.py
      hash: md5
      md5: e3863cbaf4b2627fabdafd56456a880f
      size: 178
    - path: src/models/baseline.py
      hash: md5
      md5: ae37ed21049e7ef31dcf0e514929cb38
      size: 278
    - path: src/models/train.py
      hash: md5
      md5: df5a47ccde86258c37e6007b16376182
      size: 4687
    outs:
    - path: artifacts/baseline_model.pkl
      hash: md5
      md5: 84af04dbe5fa821d21e765f8e71a6147
      size: 5189753
    - path: artifacts/challenger_model.pkl
      hash: md5
      md5: b09c67fe941373565eb1bb7ad6c4db58
      size: 15212633
    - path: artifacts/metrics.json
      hash: md5
      md5: 26c88f49d198d10cde867a433e3ad86a
      size: 552
