schema: '2.0'
stages:
  featurize:
    cmd: python -m src.features.feature_engineering
    deps:
    - path: configs/pipeline_global_config.yaml
      hash: md5
      md5: bf9a6183b425c50d5a64d47642b06210
      size: 883
    - path: data/raw/Customer-Churn-Records.csv
      hash: md5
      md5: e37acb179fefe4cac8a33e280a12f62c
      size: 837415
    - path: src/common/config_loader.py
      hash: md5
      md5: d696fa66291cdc8c4bcfa9f80da091e6
      size: 1322
    - path: src/common/data_loader.py
      hash: md5
      md5: b5491e0d88e5b8f314f07ebf9ee8c519
      size: 612
    - path: src/common/logger.py
      hash: md5
      md5: ed0345d8d4a981440409ab02e7359bec
      size: 510
    - path: src/common/seed.py
      hash: md5
      md5: e3863cbaf4b2627fabdafd56456a880f
      size: 178
    - path: src/features/feature_engineering.py
      hash: md5
      md5: c8c587409b0bc2e393de3d2b18e97b0f
      size: 18322
    - path: src/features/schema_validation.py
      hash: md5
      md5: db85d5ea9e42e5cd2f706c15502ede76
      size: 4177
    outs:
    - path: artifacts/models/feature_pipeline.joblib
      hash: md5
      md5: c3db56dae2fed178f232ae94a85e2e2a
      size: 5525
    - path: data/interim/cleaned.parquet
      hash: md5
      md5: 6ca8c33d4d89b12f65d1ba2311f4cdeb
      size: 198614
    - path: data/processed/feature_columns.json
      hash: md5
      md5: dc1ef6465a238c6e3e675733800d0f57
      size: 249
    - path: data/processed/schema_report.json
      hash: md5
      md5: f27ef79372feb7f7a6f4099b1f4268bd
      size: 85
    - path: data/processed/test.parquet
      hash: md5
      md5: 7f1a2bbcf281161a66843145231c3c24
      size: 93065
    - path: data/processed/train.parquet
      hash: md5
      md5: 1a15939f1d7c262d568cad4be64f1380
      size: 322297
  train:
    cmd: python -m src.models.train
    deps:
    - path: configs/pipeline_global_config.yaml
      hash: md5
      md5: bf9a6183b425c50d5a64d47642b06210
      size: 883
    - path: configs/training/model_current.yaml
      hash: md5
      md5: 732c6efb267b80b4593a04043899d8fb
      size: 762
    - path: data/processed/test.parquet
      hash: md5
      md5: 7f1a2bbcf281161a66843145231c3c24
      size: 93065
    - path: data/processed/train.parquet
      hash: md5
      md5: 1a15939f1d7c262d568cad4be64f1380
      size: 322297
    - path: src/common/config_loader.py
      hash: md5
      md5: d696fa66291cdc8c4bcfa9f80da091e6
      size: 1322
    - path: src/common/logger.py
      hash: md5
      md5: ed0345d8d4a981440409ab02e7359bec
      size: 510
    - path: src/common/seed.py
      hash: md5
      md5: e3863cbaf4b2627fabdafd56456a880f
      size: 178
    - path: src/models/catalog.py
      hash: md5
      md5: adfc0fae1169bb526517a070e2b41bae
      size: 954
    - path: src/models/train.py
      hash: md5
      md5: 08042df7a046fab99ff0120c8c6c14ec
      size: 12583
    outs:
    - path: artifacts/models/model_current.pkl
      hash: md5
      md5: 90591a8d150dd6de065445d791767d1f
      size: 15298713
    - path: artifacts/models/model_current_metadata.json
      hash: md5
      md5: 55f6704ad4fdfcfda8918e56dd326e4b
      size: 747
